{
  "pins" : [
    {
      "identity" : "uionboarding",
      "kind" : "remoteSourceControl",
      "location" : "https://github.com/lascic/UIOnboarding.git",
      "state" : {
        "revision" : "f8d0daabe45cba621b652f4d2fb481273949a732",
        "version" : "2.0.1"
      }
    }
  ],
  "version" : 2
}
