// !$*UTF8*$!
{
	archiveVersion = 1;
	classes = {
	};
	objectVersion = 55;
	objects = {

/* Begin PBXBuildFile section */
		1566320129D94ED700D75774 /* AppDelegate.swift in Sources */ = {isa = PBXBuildFile; fileRef = 1566320029D94ED700D75774 /* AppDelegate.swift */; };
		1566320329D94ED700D75774 /* SceneDelegate.swift in Sources */ = {isa = PBXBuildFile; fileRef = 1566320229D94ED700D75774 /* SceneDelegate.swift */; };
		1566320529D94ED700D75774 /* LauncheScreenVC.swift in Sources */ = {isa = PBXBuildFile; fileRef = 1566320429D94ED700D75774 /* LauncheScreenVC.swift */; };
		1566320A29D94EDB00D75774 /* Assets.xcassets in Resources */ = {isa = PBXBuildFile; fileRef = 1566320929D94EDB00D75774 /* Assets.xcassets */; };
		1566320D29D94EDB00D75774 /* LaunchScreen.storyboard in Resources */ = {isa = PBXBuildFile; fileRef = 1566320B29D94EDB00D75774 /* LaunchScreen.storyboard */; };
		1566321B29D9568300D75774 /* Extension+UICollecctionView.swift in Sources */ = {isa = PBXBuildFile; fileRef = 1566321A29D9568300D75774 /* Extension+UICollecctionView.swift */; };
		1566321D29D9572600D75774 /* OnBoardingCollectionViewCell.swift in Sources */ = {isa = PBXBuildFile; fileRef = 1566321C29D9572600D75774 /* OnBoardingCollectionViewCell.swift */; };
		1566321F29DD7F9F00D75774 /* OnboardVC.swift in Sources */ = {isa = PBXBuildFile; fileRef = 1566321E29DD7F9F00D75774 /* OnboardVC.swift */; };
		15F41C2829EF05FD003A38DC /* OnboarAnimateViewController.swift in Sources */ = {isa = PBXBuildFile; fileRef = 15F41C2729EF05FD003A38DC /* OnboarAnimateViewController.swift */; };
		15FF40E529E2F18500AB5359 /* GraphikBlack.otf in Resources */ = {isa = PBXBuildFile; fileRef = 15FF40E429E2F18500AB5359 /* GraphikBlack.otf */; };
		15FF40E729E2F1A100AB5359 /* GraphikExtralight.otf in Resources */ = {isa = PBXBuildFile; fileRef = 15FF40E629E2F1A100AB5359 /* GraphikExtralight.otf */; };
		15FF40E929E2F27800AB5359 /* Extension+NSAttributedString.swift in Sources */ = {isa = PBXBuildFile; fileRef = 15FF40E829E2F27800AB5359 /* Extension+NSAttributedString.swift */; };
		15FF40F229E2F5B100AB5359 /* Extension+BackGroundColors.swift in Sources */ = {isa = PBXBuildFile; fileRef = 15FF40F129E2F5B100AB5359 /* Extension+BackGroundColors.swift */; };
		15FF40F729E3040B00AB5359 /* FontHelper.swift in Sources */ = {isa = PBXBuildFile; fileRef = 15FF40F629E3040B00AB5359 /* FontHelper.swift */; };
		15FF40F929E3044400AB5359 /* TitlesHelper.swift in Sources */ = {isa = PBXBuildFile; fileRef = 15FF40F829E3044400AB5359 /* TitlesHelper.swift */; };
		15FF40FB29E3046F00AB5359 /* ImageHelper.swift in Sources */ = {isa = PBXBuildFile; fileRef = 15FF40FA29E3046F00AB5359 /* ImageHelper.swift */; };
		15FF40FD29E304A700AB5359 /* ColorHelper.swift in Sources */ = {isa = PBXBuildFile; fileRef = 15FF40FC29E304A700AB5359 /* ColorHelper.swift */; };
		15FF40FF29E307A600AB5359 /* CellIdentifier.swift in Sources */ = {isa = PBXBuildFile; fileRef = 15FF40FE29E307A600AB5359 /* CellIdentifier.swift */; };
		EA2A8F4D130749C836FF2F80 /* Pods_Yandex_Disk__SkillBox_.framework in Frameworks */ = {isa = PBXBuildFile; fileRef = 8602CCAFE9930226989F9048 /* Pods_Yandex_Disk__SkillBox_.framework */; };
/* End PBXBuildFile section */

/* Begin PBXFileReference section */
		156631FD29D94ED700D75774 /* Yandex Disk [SkillBox].app */ = {isa = PBXFileReference; explicitFileType = wrapper.application; includeInIndex = 0; path = "Yandex Disk [SkillBox].app"; sourceTree = BUILT_PRODUCTS_DIR; };
		1566320029D94ED700D75774 /* AppDelegate.swift */ = {isa = PBXFileReference; lastKnownFileType = sourcecode.swift; path = AppDelegate.swift; sourceTree = "<group>"; };
		1566320229D94ED700D75774 /* SceneDelegate.swift */ = {isa = PBXFileReference; lastKnownFileType = sourcecode.swift; path = SceneDelegate.swift; sourceTree = "<group>"; };
		1566320429D94ED700D75774 /* LauncheScreenVC.swift */ = {isa = PBXFileReference; lastKnownFileType = sourcecode.swift; path = LauncheScreenVC.swift; sourceTree = "<group>"; };
		1566320929D94EDB00D75774 /* Assets.xcassets */ = {isa = PBXFileReference; lastKnownFileType = folder.assetcatalog; path = Assets.xcassets; sourceTree = "<group>"; };
		1566320C29D94EDB00D75774 /* Base */ = {isa = PBXFileReference; lastKnownFileType = file.storyboard; name = Base; path = Base.lproj/LaunchScreen.storyboard; sourceTree = "<group>"; };
		1566320E29D94EDB00D75774 /* Info.plist */ = {isa = PBXFileReference; lastKnownFileType = text.plist.xml; path = Info.plist; sourceTree = "<group>"; };
		1566321A29D9568300D75774 /* Extension+UICollecctionView.swift */ = {isa = PBXFileReference; lastKnownFileType = sourcecode.swift; path = "Extension+UICollecctionView.swift"; sourceTree = "<group>"; };
		1566321C29D9572600D75774 /* OnBoardingCollectionViewCell.swift */ = {isa = PBXFileReference; lastKnownFileType = sourcecode.swift; path = OnBoardingCollectionViewCell.swift; sourceTree = "<group>"; };
		1566321E29DD7F9F00D75774 /* OnboardVC.swift */ = {isa = PBXFileReference; lastKnownFileType = sourcecode.swift; path = OnboardVC.swift; sourceTree = "<group>"; };
		15F41C2729EF05FD003A38DC /* OnboarAnimateViewController.swift */ = {isa = PBXFileReference; lastKnownFileType = sourcecode.swift; path = OnboarAnimateViewController.swift; sourceTree = "<group>"; };
		15FF40E429E2F18500AB5359 /* GraphikBlack.otf */ = {isa = PBXFileReference; lastKnownFileType = file; path = GraphikBlack.otf; sourceTree = "<group>"; };
		15FF40E629E2F1A100AB5359 /* GraphikExtralight.otf */ = {isa = PBXFileReference; lastKnownFileType = file; path = GraphikExtralight.otf; sourceTree = "<group>"; };
		15FF40E829E2F27800AB5359 /* Extension+NSAttributedString.swift */ = {isa = PBXFileReference; lastKnownFileType = sourcecode.swift; path = "Extension+NSAttributedString.swift"; sourceTree = "<group>"; };
		15FF40F129E2F5B100AB5359 /* Extension+BackGroundColors.swift */ = {isa = PBXFileReference; lastKnownFileType = sourcecode.swift; path = "Extension+BackGroundColors.swift"; sourceTree = "<group>"; };
		15FF40F629E3040B00AB5359 /* FontHelper.swift */ = {isa = PBXFileReference; lastKnownFileType = sourcecode.swift; path = FontHelper.swift; sourceTree = "<group>"; };
		15FF40F829E3044400AB5359 /* TitlesHelper.swift */ = {isa = PBXFileReference; lastKnownFileType = sourcecode.swift; path = TitlesHelper.swift; sourceTree = "<group>"; };
		15FF40FA29E3046F00AB5359 /* ImageHelper.swift */ = {isa = PBXFileReference; lastKnownFileType = sourcecode.swift; path = ImageHelper.swift; sourceTree = "<group>"; };
		15FF40FC29E304A700AB5359 /* ColorHelper.swift */ = {isa = PBXFileReference; lastKnownFileType = sourcecode.swift; path = ColorHelper.swift; sourceTree = "<group>"; };
		15FF40FE29E307A600AB5359 /* CellIdentifier.swift */ = {isa = PBXFileReference; lastKnownFileType = sourcecode.swift; path = CellIdentifier.swift; sourceTree = "<group>"; };
		2F3CEDD7B1926EBDDDF6C155 /* Pods-Yandex Disk [SkillBox].release.xcconfig */ = {isa = PBXFileReference; includeInIndex = 1; lastKnownFileType = text.xcconfig; name = "Pods-Yandex Disk [SkillBox].release.xcconfig"; path = "Target Support Files/Pods-Yandex Disk [SkillBox]/Pods-Yandex Disk [SkillBox].release.xcconfig"; sourceTree = "<group>"; };
		8602CCAFE9930226989F9048 /* Pods_Yandex_Disk__SkillBox_.framework */ = {isa = PBXFileReference; explicitFileType = wrapper.framework; includeInIndex = 0; path = Pods_Yandex_Disk__SkillBox_.framework; sourceTree = BUILT_PRODUCTS_DIR; };
		CBD07BAE5D80D988BF33A73A /* Pods-Yandex Disk [SkillBox].debug.xcconfig */ = {isa = PBXFileReference; includeInIndex = 1; lastKnownFileType = text.xcconfig; name = "Pods-Yandex Disk [SkillBox].debug.xcconfig"; path = "Target Support Files/Pods-Yandex Disk [SkillBox]/Pods-Yandex Disk [SkillBox].debug.xcconfig"; sourceTree = "<group>"; };
/* End PBXFileReference section */

/* Begin PBXFrameworksBuildPhase section */
		156631FA29D94ED700D75774 /* Frameworks */ = {
			isa = PBXFrameworksBuildPhase;
			buildActionMask = 2147483647;
			files = (
				EA2A8F4D130749C836FF2F80 /* Pods_Yandex_Disk__SkillBox_.framework in Frameworks */,
			);
			runOnlyForDeploymentPostprocessing = 0;
		};
/* End PBXFrameworksBuildPhase section */

/* Begin PBXGroup section */
		156631F429D94ED700D75774 = {
			isa = PBXGroup;
			children = (
				156631FF29D94ED700D75774 /* Yandex Disk [SkillBox] */,
				156631FE29D94ED700D75774 /* Products */,
				18B13F53B22552756199A4F0 /* Pods */,
				1A83A0626104182FDD916D6E /* Frameworks */,
			);
			sourceTree = "<group>";
		};
		156631FE29D94ED700D75774 /* Products */ = {
			isa = PBXGroup;
			children = (
				156631FD29D94ED700D75774 /* Yandex Disk [SkillBox].app */,
			);
			name = Products;
			sourceTree = "<group>";
		};
		156631FF29D94ED700D75774 /* Yandex Disk [SkillBox] */ = {
			isa = PBXGroup;
			children = (
				15FF40F529E303F600AB5359 /* Constans */,
				15FF40E329E2F16900AB5359 /* Fonts */,
				1566321429D94F1100D75774 /* App */,
				1566321729D94F3300D75774 /* Extension */,
				1566321829D94F3A00D75774 /* ViewModel */,
				1566321529D94F1A00D75774 /* Controller */,
				1566321929D94F4200D75774 /* Cell */,
				1566321629D94F2500D75774 /* Resources */,
				1566320B29D94EDB00D75774 /* LaunchScreen.storyboard */,
			);
			path = "Yandex Disk [SkillBox]";
			sourceTree = "<group>";
		};
		1566321429D94F1100D75774 /* App */ = {
			isa = PBXGroup;
			children = (
				1566320229D94ED700D75774 /* SceneDelegate.swift */,
				1566320029D94ED700D75774 /* AppDelegate.swift */,
			);
			path = App;
			sourceTree = "<group>";
		};
		1566321529D94F1A00D75774 /* Controller */ = {
			isa = PBXGroup;
			children = (
				1566321E29DD7F9F00D75774 /* OnboardVC.swift */,
				15F41C2729EF05FD003A38DC /* OnboarAnimateViewController.swift */,
				1566320429D94ED700D75774 /* LauncheScreenVC.swift */,
			);
			path = Controller;
			sourceTree = "<group>";
		};
		1566321629D94F2500D75774 /* Resources */ = {
			isa = PBXGroup;
			children = (
				1566320E29D94EDB00D75774 /* Info.plist */,
				1566320929D94EDB00D75774 /* Assets.xcassets */,
			);
			path = Resources;
			sourceTree = "<group>";
		};
		1566321729D94F3300D75774 /* Extension */ = {
			isa = PBXGroup;
			children = (
				1566321A29D9568300D75774 /* Extension+UICollecctionView.swift */,
				15FF40E829E2F27800AB5359 /* Extension+NSAttributedString.swift */,
				15FF40F129E2F5B100AB5359 /* Extension+BackGroundColors.swift */,
			);
			path = Extension;
			sourceTree = "<group>";
		};
		1566321829D94F3A00D75774 /* ViewModel */ = {
			isa = PBXGroup;
			children = (
			);
			path = ViewModel;
			sourceTree = "<group>";
		};
		1566321929D94F4200D75774 /* Cell */ = {
			isa = PBXGroup;
			children = (
				1566321C29D9572600D75774 /* OnBoardingCollectionViewCell.swift */,
			);
			path = Cell;
			sourceTree = "<group>";
		};
		15FF40E329E2F16900AB5359 /* Fonts */ = {
			isa = PBXGroup;
			children = (
				15FF40E429E2F18500AB5359 /* GraphikBlack.otf */,
				15FF40E629E2F1A100AB5359 /* GraphikExtralight.otf */,
			);
			path = Fonts;
			sourceTree = "<group>";
		};
		15FF40F529E303F600AB5359 /* Constans */ = {
			isa = PBXGroup;
			children = (
				15FF40F629E3040B00AB5359 /* FontHelper.swift */,
				15FF40F829E3044400AB5359 /* TitlesHelper.swift */,
				15FF40FA29E3046F00AB5359 /* ImageHelper.swift */,
				15FF40FC29E304A700AB5359 /* ColorHelper.swift */,
				15FF40FE29E307A600AB5359 /* CellIdentifier.swift */,
			);
			path = Constans;
			sourceTree = "<group>";
		};
		18B13F53B22552756199A4F0 /* Pods */ = {
			isa = PBXGroup;
			children = (
				CBD07BAE5D80D988BF33A73A /* Pods-Yandex Disk [SkillBox].debug.xcconfig */,
				2F3CEDD7B1926EBDDDF6C155 /* Pods-Yandex Disk [SkillBox].release.xcconfig */,
			);
			path = Pods;
			sourceTree = "<group>";
		};
		1A83A0626104182FDD916D6E /* Frameworks */ = {
			isa = PBXGroup;
			children = (
				8602CCAFE9930226989F9048 /* Pods_Yandex_Disk__SkillBox_.framework */,
			);
			name = Frameworks;
			sourceTree = "<group>";
		};
/* End PBXGroup section */

/* Begin PBXNativeTarget section */
		156631FC29D94ED700D75774 /* Yandex Disk [SkillBox] */ = {
			isa = PBXNativeTarget;
			buildConfigurationList = 1566321129D94EDB00D75774 /* Build configuration list for PBXNativeTarget "Yandex Disk [SkillBox]" */;
			buildPhases = (
				DB4955C5C3BE17E40B3A1BA4 /* [CP] Check Pods Manifest.lock */,
				156631F929D94ED700D75774 /* Sources */,
				156631FA29D94ED700D75774 /* Frameworks */,
				156631FB29D94ED700D75774 /* Resources */,
				AA277FF815377592331508D7 /* [CP] Embed Pods Frameworks */,
			);
			buildRules = (
			);
			dependencies = (
			);
			name = "Yandex Disk [SkillBox]";
			productName = "Yandex Disk [SkillBox]";
			productReference = 156631FD29D94ED700D75774 /* Yandex Disk [SkillBox].app */;
			productType = "com.apple.product-type.application";
		};
/* End PBXNativeTarget section */

/* Begin PBXProject section */
		156631F529D94ED700D75774 /* Project object */ = {
			isa = PBXProject;
			attributes = {
				BuildIndependentTargetsInParallel = 1;
				LastSwiftUpdateCheck = 1420;
				LastUpgradeCheck = 1420;
				TargetAttributes = {
					156631FC29D94ED700D75774 = {
						CreatedOnToolsVersion = 14.2;
					};
				};
			};
			buildConfigurationList = 156631F829D94ED700D75774 /* Build configuration list for PBXProject "Yandex Disk [SkillBox]" */;
			compatibilityVersion = "Xcode 13.0";
			developmentRegion = en;
			hasScannedForEncodings = 0;
			knownRegions = (
				en,
				Base,
			);
			mainGroup = 156631F429D94ED700D75774;
			productRefGroup = 156631FE29D94ED700D75774 /* Products */;
			projectDirPath = "";
			projectRoot = "";
			targets = (
				156631FC29D94ED700D75774 /* Yandex Disk [SkillBox] */,
			);
		};
/* End PBXProject section */

/* Begin PBXResourcesBuildPhase section */
		156631FB29D94ED700D75774 /* Resources */ = {
			isa = PBXResourcesBuildPhase;
			buildActionMask = 2147483647;
			files = (
				15FF40E529E2F18500AB5359 /* GraphikBlack.otf in Resources */,
				1566320D29D94EDB00D75774 /* LaunchScreen.storyboard in Resources */,
				15FF40E729E2F1A100AB5359 /* GraphikExtralight.otf in Resources */,
				1566320A29D94EDB00D75774 /* Assets.xcassets in Resources */,
			);
			runOnlyForDeploymentPostprocessing = 0;
		};
/* End PBXResourcesBuildPhase section */

/* Begin PBXShellScriptBuildPhase section */
		AA277FF815377592331508D7 /* [CP] Embed Pods Frameworks */ = {
			isa = PBXShellScriptBuildPhase;
			buildActionMask = 2147483647;
			files = (
			);
			inputFileListPaths = (
				"${PODS_ROOT}/Target Support Files/Pods-Yandex Disk [SkillBox]/Pods-Yandex Disk [SkillBox]-frameworks-${CONFIGURATION}-input-files.xcfilelist",
			);
			name = "[CP] Embed Pods Frameworks";
			outputFileListPaths = (
				"${PODS_ROOT}/Target Support Files/Pods-Yandex Disk [SkillBox]/Pods-Yandex Disk [SkillBox]-frameworks-${CONFIGURATION}-output-files.xcfilelist",
			);
			runOnlyForDeploymentPostprocessing = 0;
			shellPath = /bin/sh;
			shellScript = "\"${PODS_ROOT}/Target Support Files/Pods-Yandex Disk [SkillBox]/Pods-Yandex Disk [SkillBox]-frameworks.sh\"\n";
			showEnvVarsInLog = 0;
		};
		DB4955C5C3BE17E40B3A1BA4 /* [CP] Check Pods Manifest.lock */ = {
			isa = PBXShellScriptBuildPhase;
			buildActionMask = 2147483647;
			files = (
			);
			inputFileListPaths = (
			);
			inputPaths = (
				"${PODS_PODFILE_DIR_PATH}/Podfile.lock",
				"${PODS_ROOT}/Manifest.lock",
			);
			name = "[CP] Check Pods Manifest.lock";
			outputFileListPaths = (
			);
			outputPaths = (
				"$(DERIVED_FILE_DIR)/Pods-Yandex Disk [SkillBox]-checkManifestLockResult.txt",
			);
			runOnlyForDeploymentPostprocessing = 0;
			shellPath = /bin/sh;
			shellScript = "diff \"${PODS_PODFILE_DIR_PATH}/Podfile.lock\" \"${PODS_ROOT}/Manifest.lock\" > /dev/null\nif [ $? != 0 ] ; then\n    # print error to STDERR\n    echo \"error: The sandbox is not in sync with the Podfile.lock. Run 'pod install' or update your CocoaPods installation.\" >&2\n    exit 1\nfi\n# This output is used by Xcode 'outputs' to avoid re-running this script phase.\necho \"SUCCESS\" > \"${SCRIPT_OUTPUT_FILE_0}\"\n";
			showEnvVarsInLog = 0;
		};
/* End PBXShellScriptBuildPhase section */

/* Begin PBXSourcesBuildPhase section */
		156631F929D94ED700D75774 /* Sources */ = {
			isa = PBXSourcesBuildPhase;
			buildActionMask = 2147483647;
			files = (
				1566321B29D9568300D75774 /* Extension+UICollecctionView.swift in Sources */,
				1566320529D94ED700D75774 /* LauncheScreenVC.swift in Sources */,
				15FF40F929E3044400AB5359 /* TitlesHelper.swift in Sources */,
				1566320129D94ED700D75774 /* AppDelegate.swift in Sources */,
				1566321D29D9572600D75774 /* OnBoardingCollectionViewCell.swift in Sources */,
				15FF40FF29E307A600AB5359 /* CellIdentifier.swift in Sources */,
				15FF40F729E3040B00AB5359 /* FontHelper.swift in Sources */,
				15F41C2829EF05FD003A38DC /* OnboarAnimateViewController.swift in Sources */,
				15FF40E929E2F27800AB5359 /* Extension+NSAttributedString.swift in Sources */,
				15FF40FD29E304A700AB5359 /* ColorHelper.swift in Sources */,
				1566320329D94ED700D75774 /* SceneDelegate.swift in Sources */,
				1566321F29DD7F9F00D75774 /* OnboardVC.swift in Sources */,
				15FF40F229E2F5B100AB5359 /* Extension+BackGroundColors.swift in Sources */,
				15FF40FB29E3046F00AB5359 /* ImageHelper.swift in Sources */,
			);
			runOnlyForDeploymentPostprocessing = 0;
		};
/* End PBXSourcesBuildPhase section */

/* Begin PBXVariantGroup section */
		1566320B29D94EDB00D75774 /* LaunchScreen.storyboard */ = {
			isa = PBXVariantGroup;
			children = (
				1566320C29D94EDB00D75774 /* Base */,
			);
			name = LaunchScreen.storyboard;
			sourceTree = "<group>";
		};
/* End PBXVariantGroup section */

/* Begin XCBuildConfiguration section */
		1566320F29D94EDB00D75774 /* Debug */ = {
			isa = XCBuildConfiguration;
			buildSettings = {
				ALWAYS_SEARCH_USER_PATHS = NO;
				CLANG_ANALYZER_NONNULL = YES;
				CLANG_ANALYZER_NUMBER_OBJECT_CONVERSION = YES_AGGRESSIVE;
				CLANG_CXX_LANGUAGE_STANDARD = "gnu++20";
				CLANG_ENABLE_MODULES = YES;
				CLANG_ENABLE_OBJC_ARC = YES;
				CLANG_ENABLE_OBJC_WEAK = YES;
				CLANG_WARN_BLOCK_CAPTURE_AUTORELEASING = YES;
				CLANG_WARN_BOOL_CONVERSION = YES;
				CLANG_WARN_COMMA = YES;
				CLANG_WARN_CONSTANT_CONVERSION = YES;
				CLANG_WARN_DEPRECATED_OBJC_IMPLEMENTATIONS = YES;
				CLANG_WARN_DIRECT_OBJC_ISA_USAGE = YES_ERROR;
				CLANG_WARN_DOCUMENTATION_COMMENTS = YES;
				CLANG_WARN_EMPTY_BODY = YES;
				CLANG_WARN_ENUM_CONVERSION = YES;
				CLANG_WARN_INFINITE_RECURSION = YES;
				CLANG_WARN_INT_CONVERSION = YES;
				CLANG_WARN_NON_LITERAL_NULL_CONVERSION = YES;
				CLANG_WARN_OBJC_IMPLICIT_RETAIN_SELF = YES;
				CLANG_WARN_OBJC_LITERAL_CONVERSION = YES;
				CLANG_WARN_OBJC_ROOT_CLASS = YES_ERROR;
				CLANG_WARN_QUOTED_INCLUDE_IN_FRAMEWORK_HEADER = YES;
				CLANG_WARN_RANGE_LOOP_ANALYSIS = YES;
				CLANG_WARN_STRICT_PROTOTYPES = YES;
				CLANG_WARN_SUSPICIOUS_MOVE = YES;
				CLANG_WARN_UNGUARDED_AVAILABILITY = YES_AGGRESSIVE;
				CLANG_WARN_UNREACHABLE_CODE = YES;
				CLANG_WARN__DUPLICATE_METHOD_MATCH = YES;
				COPY_PHASE_STRIP = NO;
				DEBUG_INFORMATION_FORMAT = dwarf;
				ENABLE_STRICT_OBJC_MSGSEND = YES;
				ENABLE_TESTABILITY = YES;
				GCC_C_LANGUAGE_STANDARD = gnu11;
				GCC_DYNAMIC_NO_PIC = NO;
				GCC_NO_COMMON_BLOCKS = YES;
				GCC_OPTIMIZATION_LEVEL = 0;
				GCC_PREPROCESSOR_DEFINITIONS = (
					"DEBUG=1",
					"$(inherited)",
				);
				GCC_WARN_64_TO_32_BIT_CONVERSION = YES;
				GCC_WARN_ABOUT_RETURN_TYPE = YES_ERROR;
				GCC_WARN_UNDECLARED_SELECTOR = YES;
				GCC_WARN_UNINITIALIZED_AUTOS = YES_AGGRESSIVE;
				GCC_WARN_UNUSED_FUNCTION = YES;
				GCC_WARN_UNUSED_VARIABLE = YES;
				IPHONEOS_DEPLOYMENT_TARGET = 16.2;
				MTL_ENABLE_DEBUG_INFO = INCLUDE_SOURCE;
				MTL_FAST_MATH = YES;
				ONLY_ACTIVE_ARCH = YES;
				SDKROOT = iphoneos;
				SWIFT_ACTIVE_COMPILATION_CONDITIONS = DEBUG;
				SWIFT_OPTIMIZATION_LEVEL = "-Onone";
			};
			name = Debug;
		};
		1566321029D94EDB00D75774 /* Release */ = {
			isa = XCBuildConfiguration;
			buildSettings = {
				ALWAYS_SEARCH_USER_PATHS = NO;
				CLANG_ANALYZER_NONNULL = YES;
				CLANG_ANALYZER_NUMBER_OBJECT_CONVERSION = YES_AGGRESSIVE;
				CLANG_CXX_LANGUAGE_STANDARD = "gnu++20";
				CLANG_ENABLE_MODULES = YES;
				CLANG_ENABLE_OBJC_ARC = YES;
				CLANG_ENABLE_OBJC_WEAK = YES;
				CLANG_WARN_BLOCK_CAPTURE_AUTORELEASING = YES;
				CLANG_WARN_BOOL_CONVERSION = YES;
				CLANG_WARN_COMMA = YES;
				CLANG_WARN_CONSTANT_CONVERSION = YES;
				CLANG_WARN_DEPRECATED_OBJC_IMPLEMENTATIONS = YES;
				CLANG_WARN_DIRECT_OBJC_ISA_USAGE = YES_ERROR;
				CLANG_WARN_DOCUMENTATION_COMMENTS = YES;
				CLANG_WARN_EMPTY_BODY = YES;
				CLANG_WARN_ENUM_CONVERSION = YES;
				CLANG_WARN_INFINITE_RECURSION = YES;
				CLANG_WARN_INT_CONVERSION = YES;
				CLANG_WARN_NON_LITERAL_NULL_CONVERSION = YES;
				CLANG_WARN_OBJC_IMPLICIT_RETAIN_SELF = YES;
				CLANG_WARN_OBJC_LITERAL_CONVERSION = YES;
				CLANG_WARN_OBJC_ROOT_CLASS = YES_ERROR;
				CLANG_WARN_QUOTED_INCLUDE_IN_FRAMEWORK_HEADER = YES;
				CLANG_WARN_RANGE_LOOP_ANALYSIS = YES;
				CLANG_WARN_STRICT_PROTOTYPES = YES;
				CLANG_WARN_SUSPICIOUS_MOVE = YES;
				CLANG_WARN_UNGUARDED_AVAILABILITY = YES_AGGRESSIVE;
				CLANG_WARN_UNREACHABLE_CODE = YES;
				CLANG_WARN__DUPLICATE_METHOD_MATCH = YES;
				COPY_PHASE_STRIP = NO;
				DEBUG_INFORMATION_FORMAT = "dwarf-with-dsym";
				ENABLE_NS_ASSERTIONS = NO;
				ENABLE_STRICT_OBJC_MSGSEND = YES;
				GCC_C_LANGUAGE_STANDARD = gnu11;
				GCC_NO_COMMON_BLOCKS = YES;
				GCC_WARN_64_TO_32_BIT_CONVERSION = YES;
				GCC_WARN_ABOUT_RETURN_TYPE = YES_ERROR;
				GCC_WARN_UNDECLARED_SELECTOR = YES;
				GCC_WARN_UNINITIALIZED_AUTOS = YES_AGGRESSIVE;
				GCC_WARN_UNUSED_FUNCTION = YES;
				GCC_WARN_UNUSED_VARIABLE = YES;
				IPHONEOS_DEPLOYMENT_TARGET = 16.2;
				MTL_ENABLE_DEBUG_INFO = NO;
				MTL_FAST_MATH = YES;
				SDKROOT = iphoneos;
				SWIFT_COMPILATION_MODE = wholemodule;
				SWIFT_OPTIMIZATION_LEVEL = "-O";
				VALIDATE_PRODUCT = YES;
			};
			name = Release;
		};
		1566321229D94EDB00D75774 /* Debug */ = {
			isa = XCBuildConfiguration;
			baseConfigurationReference = CBD07BAE5D80D988BF33A73A /* Pods-Yandex Disk [SkillBox].debug.xcconfig */;
			buildSettings = {
				ASSETCATALOG_COMPILER_APPICON_NAME = AppIcon;
				ASSETCATALOG_COMPILER_GLOBAL_ACCENT_COLOR_NAME = AccentColor;
				CODE_SIGN_STYLE = Automatic;
				CURRENT_PROJECT_VERSION = 1;
				DEVELOPMENT_TEAM = 32QZH4J5KJ;
				GENERATE_INFOPLIST_FILE = YES;
				INFOPLIST_FILE = "Yandex Disk [SkillBox]/Resources/Info.plist";
				INFOPLIST_KEY_UIApplicationSupportsIndirectInputEvents = YES;
				INFOPLIST_KEY_UILaunchStoryboardName = LaunchScreen;
				INFOPLIST_KEY_UISupportedInterfaceOrientations = UIInterfaceOrientationPortrait;
				IPHONEOS_DEPLOYMENT_TARGET = 15.0;
				LD_RUNPATH_SEARCH_PATHS = (
					"$(inherited)",
					"@executable_path/Frameworks",
				);
				MARKETING_VERSION = 1.0;
				PRODUCT_BUNDLE_IDENTIFIER = "com.Yandex-Disk";
				PRODUCT_NAME = "$(TARGET_NAME)";
				SWIFT_EMIT_LOC_STRINGS = YES;
				SWIFT_VERSION = 5.0;
				TARGETED_DEVICE_FAMILY = "1,2";
			};
			name = Debug;
		};
		1566321329D94EDB00D75774 /* Release */ = {
			isa = XCBuildConfiguration;
			baseConfigurationReference = 2F3CEDD7B1926EBDDDF6C155 /* Pods-Yandex Disk [SkillBox].release.xcconfig */;
			buildSettings = {
				ASSETCATALOG_COMPILER_APPICON_NAME = AppIcon;
				ASSETCATALOG_COMPILER_GLOBAL_ACCENT_COLOR_NAME = AccentColor;
				CODE_SIGN_STYLE = Automatic;
				CURRENT_PROJECT_VERSION = 1;
				DEVELOPMENT_TEAM = 32QZH4J5KJ;
				GENERATE_INFOPLIST_FILE = YES;
				INFOPLIST_FILE = "Yandex Disk [SkillBox]/Resources/Info.plist";
				INFOPLIST_KEY_UIApplicationSupportsIndirectInputEvents = YES;
				INFOPLIST_KEY_UILaunchStoryboardName = LaunchScreen;
				INFOPLIST_KEY_UISupportedInterfaceOrientations = UIInterfaceOrientationPortrait;
				IPHONEOS_DEPLOYMENT_TARGET = 15.0;
				LD_RUNPATH_SEARCH_PATHS = (
					"$(inherited)",
					"@executable_path/Frameworks",
				);
				MARKETING_VERSION = 1.0;
				PRODUCT_BUNDLE_IDENTIFIER = "com.Yandex-Disk";
				PRODUCT_NAME = "$(TARGET_NAME)";
				SWIFT_EMIT_LOC_STRINGS = YES;
				SWIFT_VERSION = 5.0;
				TARGETED_DEVICE_FAMILY = "1,2";
			};
			name = Release;
		};
/* End XCBuildConfiguration section */

/* Begin XCConfigurationList section */
		156631F829D94ED700D75774 /* Build configuration list for PBXProject "Yandex Disk [SkillBox]" */ = {
			isa = XCConfigurationList;
			buildConfigurations = (
				1566320F29D94EDB00D75774 /* Debug */,
				1566321029D94EDB00D75774 /* Release */,
			);
			defaultConfigurationIsVisible = 0;
			defaultConfigurationName = Release;
		};
		1566321129D94EDB00D75774 /* Build configuration list for PBXNativeTarget "Yandex Disk [SkillBox]" */ = {
			isa = XCConfigurationList;
			buildConfigurations = (
				1566321229D94EDB00D75774 /* Debug */,
				1566321329D94EDB00D75774 /* Release */,
			);
			defaultConfigurationIsVisible = 0;
			defaultConfigurationName = Release;
		};
/* End XCConfigurationList section */
	};
	rootObject = 156631F529D94ED700D75774 /* Project object */;
}
